
Microsoft Visual Studio Solution File, Format Version 12.00
# Visual Studio 14
VisualStudioVersion = 14.0.25420.1
MinimumVisualStudioVersion = 10.0.40219.1
Project("{2150E333-8FDC-42A3-9474-1A3956D46DE8}") = "libs", "libs", "{4A0E8FD1-00C0-47C7-815D-E76E227FC4B9}"
EndProject
Project("{2150E333-8FDC-42A3-9474-1A3956D46DE8}") = "app", "app", "{BBAB80EF-2700-42E7-9B92-C618DBA07BA1}"
EndProject
Project("{8BC9CEB8-8B4A-11D0-8D11-00A0C91BC942}") = "libjpeg", "libs\libjpeg\libjpeg.vcxproj", "{0EFF8869-28A7-4736-AD19-046B893652FA}"
EndProject
Project("{8BC9CEB8-8B4A-11D0-8D11-00A0C91BC942}") = "libpng", "libs\libpng\libpng.vcxproj", "{21CB22F3-74EA-4A22-A953-C6CA294D7D8D}"
EndProject
Project("{8BC9CEB8-8B4A-11D0-8D11-00A0C91BC942}") = "zlib", "libs\zlib\zlib.vcxproj", "{D2202452-772A-4E11-B3D8-5E7849065CC1}"
EndProject
Project("{8BC9CEB8-8B4A-11D0-8D11-00A0C91BC942}") = "venus", "venus\venus.vcxproj", "{327EADFF-ED36-413C-89FE-D9DC08BE57BE}"
EndProject
Project("{8BC9CEB8-8B4A-11D0-8D11-00A0C91BC942}") = "win32", "win32\win32.vcxproj", "{97483EE8-2FDD-454C-B382-A1328C27AB3B}"
EndProject
Project("{8BC9CEB8-8B4A-11D0-8D11-00A0C91BC942}") = "TestRtf", "app\TestRtf\TestRtf.vcxproj", "{E92E5545-B872-4001-BCCA-A10479C1EC34}"
EndProject
Project("{8BC9CEB8-8B4A-11D0-8D11-00A0C91BC942}") = "TaskManager", "app\TaskManager\TaskManager.vcxproj", "{E92E5545-B872-4001-BCCA-A10479C1EC33}"
EndProject
Project("{8BC9CEB8-8B4A-11D0-8D11-00A0C91BC942}") = "FileExplorer", "app\FileExplorer\FileExplorer.vcxproj", "{F78BAAAD-A5EE-4714-AF6A-20CC9BBFDECA}"
EndProject
Project("{2150E333-8FDC-42A3-9474-1A3956D46DE8}") = "files", "files", "{DEB62937-142D-4C01-823F-6C98573D496B}"
	ProjectSection(SolutionItems) = preProject
		files\ui.xsd = files\ui.xsd
		files\venus.natvis = files\venus.natvis
	EndProjectSection
EndProject
Project("{8BC9CEB8-8B4A-11D0-8D11-00A0C91BC942}") = "ExeViewer", "app\ExeViewer\ExeViewer.vcxproj", "{66A076E3-F46C-4E75-8AB6-DB7A6B3353AB}"
EndProject
Project("{8BC9CEB8-8B4A-11D0-8D11-00A0C91BC942}") = "UIDevelop", "UIDevelop\UIDevelop.vcxproj", "{69781EFA-3CF5-4AA0-9A61-4AC36FAFF68F}"
EndProject
Global
	GlobalSection(SolutionConfigurationPlatforms) = preSolution
		Debug|Any CPU = Debug|Any CPU
		Debug|x64 = Debug|x64
		Debug|x86 = Debug|x86
		Release|Any CPU = Release|Any CPU
		Release|x64 = Release|x64
		Release|x86 = Release|x86
	EndGlobalSection
	GlobalSection(ProjectConfigurationPlatforms) = postSolution
		{0EFF8869-28A7-4736-AD19-046B893652FA}.Debug|Any CPU.ActiveCfg = Debug|Win32
		{0EFF8869-28A7-4736-AD19-046B893652FA}.Debug|x64.ActiveCfg = Debug|x64
		{0EFF8869-28A7-4736-AD19-046B893652FA}.Debug|x64.Build.0 = Debug|x64
		{0EFF8869-28A7-4736-AD19-046B893652FA}.Debug|x86.ActiveCfg = Debug|Win32
		{0EFF8869-28A7-4736-AD19-046B893652FA}.Debug|x86.Build.0 = Debug|Win32
		{0EFF8869-28A7-4736-AD19-046B893652FA}.Release|Any CPU.ActiveCfg = Release|Win32
		{0EFF8869-28A7-4736-AD19-046B893652FA}.Release|x64.ActiveCfg = Release|x64
		{0EFF8869-28A7-4736-AD19-046B893652FA}.Release|x64.Build.0 = Release|x64
		{0EFF8869-28A7-4736-AD19-046B893652FA}.Release|x86.ActiveCfg = Release|Win32
		{0EFF8869-28A7-4736-AD19-046B893652FA}.Release|x86.Build.0 = Release|Win32
		{21CB22F3-74EA-4A22-A953-C6CA294D7D8D}.Debug|Any CPU.ActiveCfg = Debug|Win32
		{21CB22F3-74EA-4A22-A953-C6CA294D7D8D}.Debug|x64.ActiveCfg = Debug|x64
		{21CB22F3-74EA-4A22-A953-C6CA294D7D8D}.Debug|x64.Build.0 = Debug|x64
		{21CB22F3-74EA-4A22-A953-C6CA294D7D8D}.Debug|x86.ActiveCfg = Debug|Win32
		{21CB22F3-74EA-4A22-A953-C6CA294D7D8D}.Debug|x86.Build.0 = Debug|Win32
		{21CB22F3-74EA-4A22-A953-C6CA294D7D8D}.Release|Any CPU.ActiveCfg = Release|Win32
		{21CB22F3-74EA-4A22-A953-C6CA294D7D8D}.Release|x64.ActiveCfg = Release|x64
		{21CB22F3-74EA-4A22-A953-C6CA294D7D8D}.Release|x64.Build.0 = Release|x64
		{21CB22F3-74EA-4A22-A953-C6CA294D7D8D}.Release|x86.ActiveCfg = Release|Win32
		{21CB22F3-74EA-4A22-A953-C6CA294D7D8D}.Release|x86.Build.0 = Release|Win32
		{D2202452-772A-4E11-B3D8-5E7849065CC1}.Debug|Any CPU.ActiveCfg = Debug|Win32
		{D2202452-772A-4E11-B3D8-5E7849065CC1}.Debug|x64.ActiveCfg = Debug|x64
		{D2202452-772A-4E11-B3D8-5E7849065CC1}.Debug|x64.Build.0 = Debug|x64
		{D2202452-772A-4E11-B3D8-5E7849065CC1}.Debug|x86.ActiveCfg = Debug|Win32
		{D2202452-772A-4E11-B3D8-5E7849065CC1}.Debug|x86.Build.0 = Debug|Win32
		{D2202452-772A-4E11-B3D8-5E7849065CC1}.Release|Any CPU.ActiveCfg = Release|Win32
		{D2202452-772A-4E11-B3D8-5E7849065CC1}.Release|x64.ActiveCfg = Release|x64
		{D2202452-772A-4E11-B3D8-5E7849065CC1}.Release|x64.Build.0 = Release|x64
		{D2202452-772A-4E11-B3D8-5E7849065CC1}.Release|x86.ActiveCfg = Release|Win32
		{D2202452-772A-4E11-B3D8-5E7849065CC1}.Release|x86.Build.0 = Release|Win32
		{327EADFF-ED36-413C-89FE-D9DC08BE57BE}.Debug|Any CPU.ActiveCfg = Debug|Win32
		{327EADFF-ED36-413C-89FE-D9DC08BE57BE}.Debug|x64.ActiveCfg = Debug|x64
		{327EADFF-ED36-413C-89FE-D9DC08BE57BE}.Debug|x64.Build.0 = Debug|x64
		{327EADFF-ED36-413C-89FE-D9DC08BE57BE}.Debug|x86.ActiveCfg = Debug|Win32
		{327EADFF-ED36-413C-89FE-D9DC08BE57BE}.Debug|x86.Build.0 = Debug|Win32
		{327EADFF-ED36-413C-89FE-D9DC08BE57BE}.Release|Any CPU.ActiveCfg = Release|Win32
		{327EADFF-ED36-413C-89FE-D9DC08BE57BE}.Release|x64.ActiveCfg = Release|x64
		{327EADFF-ED36-413C-89FE-D9DC08BE57BE}.Release|x64.Build.0 = Release|x64
		{327EADFF-ED36-413C-89FE-D9DC08BE57BE}.Release|x86.ActiveCfg = Release|Win32
		{327EADFF-ED36-413C-89FE-D9DC08BE57BE}.Release|x86.Build.0 = Release|Win32
		{97483EE8-2FDD-454C-B382-A1328C27AB3B}.Debug|Any CPU.ActiveCfg = Debug|Win32
		{97483EE8-2FDD-454C-B382-A1328C27AB3B}.Debug|x64.ActiveCfg = Debug|x64
		{97483EE8-2FDD-454C-B382-A1328C27AB3B}.Debug|x64.Build.0 = Debug|x64
		{97483EE8-2FDD-454C-B382-A1328C27AB3B}.Debug|x86.ActiveCfg = Debug|Win32
		{97483EE8-2FDD-454C-B382-A1328C27AB3B}.Debug|x86.Build.0 = Debug|Win32
		{97483EE8-2FDD-454C-B382-A1328C27AB3B}.Release|Any CPU.ActiveCfg = Release|Win32
		{97483EE8-2FDD-454C-B382-A1328C27AB3B}.Release|x64.ActiveCfg = Release|x64
		{97483EE8-2FDD-454C-B382-A1328C27AB3B}.Release|x64.Build.0 = Release|x64
		{97483EE8-2FDD-454C-B382-A1328C27AB3B}.Release|x86.ActiveCfg = Release|Win32
		{97483EE8-2FDD-454C-B382-A1328C27AB3B}.Release|x86.Build.0 = Release|Win32
		{E92E5545-B872-4001-BCCA-A10479C1EC34}.Debug|Any CPU.ActiveCfg = Debug|Win32
		{E92E5545-B872-4001-BCCA-A10479C1EC34}.Debug|x64.ActiveCfg = Debug|x64
		{E92E5545-B872-4001-BCCA-A10479C1EC34}.Debug|x86.ActiveCfg = Debug|Win32
		{E92E5545-B872-4001-BCCA-A10479C1EC34}.Debug|x86.Build.0 = Debug|Win32
		{E92E5545-B872-4001-BCCA-A10479C1EC34}.Release|Any CPU.ActiveCfg = Release|Win32
		{E92E5545-B872-4001-BCCA-A10479C1EC34}.Release|x64.ActiveCfg = Release|x64
		{E92E5545-B872-4001-BCCA-A10479C1EC34}.Release|x64.Build.0 = Release|x64
		{E92E5545-B872-4001-BCCA-A10479C1EC34}.Release|x86.ActiveCfg = Release|Win32
		{E92E5545-B872-4001-BCCA-A10479C1EC34}.Release|x86.Build.0 = Release|Win32
		{E92E5545-B872-4001-BCCA-A10479C1EC33}.Debug|Any CPU.ActiveCfg = Debug|Win32
		{E92E5545-B872-4001-BCCA-A10479C1EC33}.Debug|x64.ActiveCfg = Debug|x64
		{E92E5545-B872-4001-BCCA-A10479C1EC33}.Debug|x64.Build.0 = Debug|x64
		{E92E5545-B872-4001-BCCA-A10479C1EC33}.Debug|x86.ActiveCfg = Debug|Win32
		{E92E5545-B872-4001-BCCA-A10479C1EC33}.Debug|x86.Build.0 = Debug|Win32
		{E92E5545-B872-4001-BCCA-A10479C1EC33}.Release|Any CPU.ActiveCfg = Release|Win32
		{E92E5545-B872-4001-BCCA-A10479C1EC33}.Release|x64.ActiveCfg = Release|x64
		{E92E5545-B872-4001-BCCA-A10479C1EC33}.Release|x64.Build.0 = Release|x64
		{E92E5545-B872-4001-BCCA-A10479C1EC33}.Release|x86.ActiveCfg = Release|Win32
		{E92E5545-B872-4001-BCCA-A10479C1EC33}.Release|x86.Build.0 = Release|Win32
		{F78BAAAD-A5EE-4714-AF6A-20CC9BBFDECA}.Debug|Any CPU.ActiveCfg = Debug|Win32
		{F78BAAAD-A5EE-4714-AF6A-20CC9BBFDECA}.Debug|x64.ActiveCfg = Debug|x64
		{F78BAAAD-A5EE-4714-AF6A-20CC9BBFDECA}.Debug|x64.Build.0 = Debug|x64
		{F78BAAAD-A5EE-4714-AF6A-20CC9BBFDECA}.Debug|x86.ActiveCfg = Debug|Win32
		{F78BAAAD-A5EE-4714-AF6A-20CC9BBFDECA}.Debug|x86.Build.0 = Debug|Win32
		{F78BAAAD-A5EE-4714-AF6A-20CC9BBFDECA}.Release|Any CPU.ActiveCfg = Release|Win32
		{F78BAAAD-A5EE-4714-AF6A-20CC9BBFDECA}.Release|x64.ActiveCfg = Release|x64
		{F78BAAAD-A5EE-4714-AF6A-20CC9BBFDECA}.Release|x64.Build.0 = Release|x64
		{F78BAAAD-A5EE-4714-AF6A-20CC9BBFDECA}.Release|x86.ActiveCfg = Release|Win32
		{F78BAAAD-A5EE-4714-AF6A-20CC9BBFDECA}.Release|x86.Build.0 = Release|Win32
		{66A076E3-F46C-4E75-8AB6-DB7A6B3353AB}.Debug|Any CPU.ActiveCfg = Debug|Win32
		{66A076E3-F46C-4E75-8AB6-DB7A6B3353AB}.Debug|x64.ActiveCfg = Debug|x64
		{66A076E3-F46C-4E75-8AB6-DB7A6B3353AB}.Debug|x86.ActiveCfg = Debug|Win32
		{66A076E3-F46C-4E75-8AB6-DB7A6B3353AB}.Debug|x86.Build.0 = Debug|Win32
		{66A076E3-F46C-4E75-8AB6-DB7A6B3353AB}.Release|Any CPU.ActiveCfg = Release|Win32
		{66A076E3-F46C-4E75-8AB6-DB7A6B3353AB}.Release|x64.ActiveCfg = Release|x64
		{66A076E3-F46C-4E75-8AB6-DB7A6B3353AB}.Release|x64.Build.0 = Release|x64
		{66A076E3-F46C-4E75-8AB6-DB7A6B3353AB}.Release|x86.ActiveCfg = Release|Win32
		{66A076E3-F46C-4E75-8AB6-DB7A6B3353AB}.Release|x86.Build.0 = Release|Win32
		{69781EFA-3CF5-4AA0-9A61-4AC36FAFF68F}.Debug|Any CPU.ActiveCfg = Debug|Win32
		{69781EFA-3CF5-4AA0-9A61-4AC36FAFF68F}.Debug|x64.ActiveCfg = Debug|x64
		{69781EFA-3CF5-4AA0-9A61-4AC36FAFF68F}.Debug|x64.Build.0 = Debug|x64
		{69781EFA-3CF5-4AA0-9A61-4AC36FAFF68F}.Debug|x86.ActiveCfg = Debug|Win32
		{69781EFA-3CF5-4AA0-9A61-4AC36FAFF68F}.Debug|x86.Build.0 = Debug|Win32
		{69781EFA-3CF5-4AA0-9A61-4AC36FAFF68F}.Release|Any CPU.ActiveCfg = Release|Win32
		{69781EFA-3CF5-4AA0-9A61-4AC36FAFF68F}.Release|x64.ActiveCfg = Release|x64
		{69781EFA-3CF5-4AA0-9A61-4AC36FAFF68F}.Release|x64.Build.0 = Release|x64
		{69781EFA-3CF5-4AA0-9A61-4AC36FAFF68F}.Release|x86.ActiveCfg = Release|Win32
		{69781EFA-3CF5-4AA0-9A61-4AC36FAFF68F}.Release|x86.Build.0 = Release|Win32
	EndGlobalSection
	GlobalSection(SolutionProperties) = preSolution
		HideSolutionNode = FALSE
	EndGlobalSection
	GlobalSection(NestedProjects) = preSolution
		{0EFF8869-28A7-4736-AD19-046B893652FA} = {4A0E8FD1-00C0-47C7-815D-E76E227FC4B9}
		{21CB22F3-74EA-4A22-A953-C6CA294D7D8D} = {4A0E8FD1-00C0-47C7-815D-E76E227FC4B9}
		{D2202452-772A-4E11-B3D8-5E7849065CC1} = {4A0E8FD1-00C0-47C7-815D-E76E227FC4B9}
		{E92E5545-B872-4001-BCCA-A10479C1EC34} = {BBAB80EF-2700-42E7-9B92-C618DBA07BA1}
		{E92E5545-B872-4001-BCCA-A10479C1EC33} = {BBAB80EF-2700-42E7-9B92-C618DBA07BA1}
		{F78BAAAD-A5EE-4714-AF6A-20CC9BBFDECA} = {BBAB80EF-2700-42E7-9B92-C618DBA07BA1}
		{66A076E3-F46C-4E75-8AB6-DB7A6B3353AB} = {BBAB80EF-2700-42E7-9B92-C618DBA07BA1}
	EndGlobalSection
EndGlobal
