<?xml version="1.0" encoding="utf-8"?>
<Project ToolsVersion="4.0" xmlns="http://schemas.microsoft.com/developer/msbuild/2003">
  <ItemGroup>
    <Filter Include="Tool">
      <UniqueIdentifier>{373aaef7-7b3f-4f99-ad48-d7a52153989d}</UniqueIdentifier>
    </Filter>
    <Filter Include="win">
      <UniqueIdentifier>{93995380-89BD-4b04-88EB-625FBE52EBFB}</UniqueIdentifier>
      <Extensions>h;hpp;hxx;hm;inl;inc;xsd</Extensions>
    </Filter>
    <Filter Include="app">
      <UniqueIdentifier>{4FC737F1-C7A5-4376-A066-2A32D752A2FF}</UniqueIdentifier>
      <Extensions>cpp;c;cc;cxx;def;odl;idl;hpj;bat;asm;asmx</Extensions>
    </Filter>
  </ItemGroup>
  <ItemGroup>
    <ClInclude Include="CDetail.h">
      <Filter>win</Filter>
    </ClInclude>
    <ClInclude Include="CMainWindow.h">
      <Filter>win</Filter>
    </ClInclude>
    <ClInclude Include="stdafx.h">
      <Filter>app</Filter>
    </ClInclude>
    <ClInclude Include="targetver.h">
      <Filter>app</Filter>
    </ClInclude>
    <ClInclude Include="BaseInc.h">
      <Filter>app</Filter>
    </ClInclude>
    <ClInclude Include="CFileVersion.h">
      <Filter>Tool</Filter>
    </ClInclude>
    <ClInclude Include="CShellLink.h">
      <Filter>win</Filter>
    </ClInclude>
  </ItemGroup>
  <ItemGroup>
    <ClCompile Include="stdafx.cpp">
      <Filter>app</Filter>
    </ClCompile>
    <ClCompile Include="CDetail.cpp">
      <Filter>win</Filter>
    </ClCompile>
    <ClCompile Include="CMainWindow.cpp">
      <Filter>win</Filter>
    </ClCompile>
    <ClCompile Include="CFileVersion.cpp">
      <Filter>Tool</Filter>
    </ClCompile>
    <ClCompile Include="CShellLink.cpp">
      <Filter>win</Filter>
    </ClCompile>
    <ClCompile Include="TaskManager.cpp">
      <Filter>app</Filter>
    </ClCompile>
  </ItemGroup>
  <ItemGroup>
    <Xml Include="TaskManager.xml" />
  </ItemGroup>
</Project>