<?xml version="1.0" encoding="utf-8"?>
<Project ToolsVersion="4.0" xmlns="http://schemas.microsoft.com/developer/msbuild/2003">
  <ItemGroup>
    <ClCompile Include="stdafx.cpp">
      <Filter>app</Filter>
    </ClCompile>
    <ClCompile Include="CMapFile.cpp">
      <Filter>main</Filter>
    </ClCompile>
    <ClCompile Include="ExeViewer.cpp">
      <Filter>main</Filter>
    </ClCompile>
    <ClCompile Include="CMainWindow.cpp">
      <Filter>main</Filter>
    </ClCompile>
    <ClCompile Include="CDockFloatForm.cpp">
      <Filter>main</Filter>
    </ClCompile>
  </ItemGroup>
  <ItemGroup>
    <ClInclude Include="BaseInc.h">
      <Filter>app</Filter>
    </ClInclude>
    <ClInclude Include="targetver.h">
      <Filter>app</Filter>
    </ClInclude>
    <ClInclude Include="stdafx.h">
      <Filter>app</Filter>
    </ClInclude>
    <ClInclude Include="CMapFile.h">
      <Filter>main</Filter>
    </ClInclude>
    <ClInclude Include="CMainWindow.h">
      <Filter>main</Filter>
    </ClInclude>
    <ClInclude Include="resource.h">
      <Filter>res</Filter>
    </ClInclude>
    <ClInclude Include="CDockFloatForm.h">
      <Filter>main</Filter>
    </ClInclude>
  </ItemGroup>
  <ItemGroup>
    <Filter Include="app">
      <UniqueIdentifier>{631d6805-0192-4a08-8b0f-a118fdf94aaa}</UniqueIdentifier>
    </Filter>
    <Filter Include="main">
      <UniqueIdentifier>{d59992ed-a111-4aed-8024-00b2651e794a}</UniqueIdentifier>
    </Filter>
    <Filter Include="res">
      <UniqueIdentifier>{4af0bf2e-0351-45a0-b604-736d36909bc3}</UniqueIdentifier>
    </Filter>
  </ItemGroup>
  <ItemGroup>
    <Xml Include="ui.xml">
      <Filter>res</Filter>
    </Xml>
  </ItemGroup>
  <ItemGroup>
    <ResourceCompile Include="ExeViewer.rc">
      <Filter>res</Filter>
    </ResourceCompile>
  </ItemGroup>
</Project>